
Microsoft Visual Studio Solution File, Format Version 12.00
# Visual Studio 15
VisualStudioVersion = 15.0.28307.168
MinimumVisualStudioVersion = 10.0.40219.1
Project("{FAE04EC0-301F-11D3-BF4B-00C04F79EFBC}") = "APPingNew", "APPingNew\APPingNew.csproj", "{BCD039D7-A936-4B08-9974-D14450AC959B}"
EndProject
Global
	GlobalSection(SolutionConfigurationPlatforms) = preSolution
		Debug|Any CPU = Debug|Any CPU
		Release|Any CPU = Release|Any CPU
	EndGlobalSection
	GlobalSection(ProjectConfigurationPlatforms) = postSolution
		{BCD039D7-A936-4B08-9974-D14450AC959B}.Debug|Any CPU.ActiveCfg = Debug|Any CPU
		{BCD039D7-A936-4B08-9974-D14450AC959B}.Debug|Any CPU.Build.0 = Debug|Any CPU
		{BCD039D7-A936-4B08-9974-D14450AC959B}.Release|Any CPU.ActiveCfg = Release|Any CPU
		{BCD039D7-A936-4B08-9974-D14450AC959B}.Release|Any CPU.Build.0 = Release|Any CPU
	EndGlobalSection
	GlobalSection(SolutionProperties) = preSolution
		HideSolutionNode = FALSE
	EndGlobalSection
	GlobalSection(ExtensibilityGlobals) = postSolution
		SolutionGuid = {548AF80A-9B8A-4F45-89EF-90A3AC30676F}
	EndGlobalSection
EndGlobal
